
Microsoft Visual Studio Solution File, Format Version 12.00
# Visual Studio Version 16
VisualStudioVersion = 16.0.31515.178
MinimumVisualStudioVersion = 10.0.40219.1
Project("{FAE04EC0-301F-11D3-BF4B-00C04F79EFBC}") = "Ep008_OOP_FieldsAndConstants", "Ep008_OOP_FieldsAndConstants\Ep008_OOP_FieldsAndConstants.csproj", "{E66A02C6-FD70-40D9-87ED-FA8CF1CE60F7}"
EndProject
Project("{FAE04EC0-301F-11D3-BF4B-00C04F79EFBC}") = "Ep009_OOP_Methods_Part01", "009_OOP_Methods\Ep009_OOP_Methods_Part01.csproj", "{0EF0AF3B-D751-44A3-A00B-A27176B817C4}"
EndProject
Project("{FAE04EC0-301F-11D3-BF4B-00C04F79EFBC}") = "Ep009_OOP_Methods-Part02", "Ep009_OOP_Methods-Part02\Ep009_OOP_Methods-Part02.csproj", "{B7B8A36B-BB22-4495-9979-30E1D62A310A}"
EndProject
Project("{FAE04EC0-301F-11D3-BF4B-00C04F79EFBC}") = "Ep010_OPP_Constructor", "Ep010_OPP_Constructor\Ep010_OPP_Constructor.csproj", "{BE25C25A-9E8B-41E5-B14E-77B514A6AD01}"
EndProject
Project("{FAE04EC0-301F-11D3-BF4B-00C04F79EFBC}") = "Ep011_OPP_Properties", "Ep011_OPP_Properties\Ep011_OPP_Properties.csproj", "{943DC6DE-0B6B-4777-A222-70979EEF7020}"
EndProject
Project("{FAE04EC0-301F-11D3-BF4B-00C04F79EFBC}") = "Ep012_OOP_Indexers", "Ep012_OOP_Indexers\Ep012_OOP_Indexers.csproj", "{24077841-96D9-45A2-994F-A6D7D2A3C55F}"
EndProject
Project("{FAE04EC0-301F-11D3-BF4B-00C04F79EFBC}") = "Ep013_OPP_Delegates", "Ep013_OPP_Delegates\Ep013_OPP_Delegates.csproj", "{C2D527C9-60E0-47FB-A996-9991BE547E9E}"
EndProject
Project("{FAE04EC0-301F-11D3-BF4B-00C04F79EFBC}") = "Ep014_OOP_Events", "Ep014_OOP_Events\Ep014_OOP_Events.csproj", "{D589632A-AEE0-4515-BB46-C05813D87B8B}"
EndProject
Project("{FAE04EC0-301F-11D3-BF4B-00C04F79EFBC}") = "Ep015_OOP_Operator_Overloading", "Ep015_OOP_Operator_Overloading\Ep015_OOP_Operator_Overloading.csproj", "{874B132F-65D9-40FF-9FF6-A7C93968AE9C}"
EndProject
Project("{FAE04EC0-301F-11D3-BF4B-00C04F79EFBC}") = "Ep016_OPP_Finalizer", "Ep016_OPP_Finalizer\Ep016_OPP_Finalizer.csproj", "{37CA5B96-F9A8-4DC1-BCC4-7E1C56C32ED7}"
EndProject
Project("{FAE04EC0-301F-11D3-BF4B-00C04F79EFBC}") = "Ep017_OOP_NestedTypes", "Ep017_OOP_NestedTypes\Ep017_OOP_NestedTypes.csproj", "{8AD78CD3-EDFF-41CA-B116-3CEAC13FC3C3}"
EndProject
Project("{FAE04EC0-301F-11D3-BF4B-00C04F79EFBC}") = "Ep018_TroubleShootingAndBreakPoint", "Ep018_TroubleShootingAndBreakPoint\Ep018_TroubleShootingAndBreakPoint.csproj", "{218848E3-1A93-46E3-AC6C-11BD35B999FE}"
EndProject
Project("{FAE04EC0-301F-11D3-BF4B-00C04F79EFBC}") = "Ep20_Enum_DataType", "Ep20_Enum_DataType\Ep20_Enum_DataType.csproj", "{104BEC2D-555B-45D4-8EE1-670387E0DFE1}"
EndProject
Project("{FAE04EC0-301F-11D3-BF4B-00C04F79EFBC}") = "Ep21_Inheritance", "Ep21_Inheritance\Ep21_Inheritance.csproj", "{93326434-2678-4382-B71E-41E0B45EACEE}"
EndProject
Project("{FAE04EC0-301F-11D3-BF4B-00C04F79EFBC}") = "Ep22_Interfaces", "E022_Interfaces\Ep22_Interfaces.csproj", "{BB9ACB7F-1740-45B1-AC56-BE7BEAAA3566}"
EndProject
Project("{FAE04EC0-301F-11D3-BF4B-00C04F79EFBC}") = "Ep019_StructVsClass", "Ep019_StructVsClass\Ep019_StructVsClass.csproj", "{27849222-ED5E-4752-BB39-89CFCCB8D420}"
EndProject
Global
	GlobalSection(SolutionConfigurationPlatforms) = preSolution
		Debug|Any CPU = Debug|Any CPU
		Release|Any CPU = Release|Any CPU
	EndGlobalSection
	GlobalSection(ProjectConfigurationPlatforms) = postSolution
		{E66A02C6-FD70-40D9-87ED-FA8CF1CE60F7}.Debug|Any CPU.ActiveCfg = Debug|Any CPU
		{E66A02C6-FD70-40D9-87ED-FA8CF1CE60F7}.Debug|Any CPU.Build.0 = Debug|Any CPU
		{E66A02C6-FD70-40D9-87ED-FA8CF1CE60F7}.Release|Any CPU.ActiveCfg = Release|Any CPU
		{E66A02C6-FD70-40D9-87ED-FA8CF1CE60F7}.Release|Any CPU.Build.0 = Release|Any CPU
		{0EF0AF3B-D751-44A3-A00B-A27176B817C4}.Debug|Any CPU.ActiveCfg = Debug|Any CPU
		{0EF0AF3B-D751-44A3-A00B-A27176B817C4}.Debug|Any CPU.Build.0 = Debug|Any CPU
		{0EF0AF3B-D751-44A3-A00B-A27176B817C4}.Release|Any CPU.ActiveCfg = Release|Any CPU
		{0EF0AF3B-D751-44A3-A00B-A27176B817C4}.Release|Any CPU.Build.0 = Release|Any CPU
		{B7B8A36B-BB22-4495-9979-30E1D62A310A}.Debug|Any CPU.ActiveCfg = Debug|Any CPU
		{B7B8A36B-BB22-4495-9979-30E1D62A310A}.Debug|Any CPU.Build.0 = Debug|Any CPU
		{B7B8A36B-BB22-4495-9979-30E1D62A310A}.Release|Any CPU.ActiveCfg = Release|Any CPU
		{B7B8A36B-BB22-4495-9979-30E1D62A310A}.Release|Any CPU.Build.0 = Release|Any CPU
		{BE25C25A-9E8B-41E5-B14E-77B514A6AD01}.Debug|Any CPU.ActiveCfg = Debug|Any CPU
		{BE25C25A-9E8B-41E5-B14E-77B514A6AD01}.Debug|Any CPU.Build.0 = Debug|Any CPU
		{BE25C25A-9E8B-41E5-B14E-77B514A6AD01}.Release|Any CPU.ActiveCfg = Release|Any CPU
		{BE25C25A-9E8B-41E5-B14E-77B514A6AD01}.Release|Any CPU.Build.0 = Release|Any CPU
		{943DC6DE-0B6B-4777-A222-70979EEF7020}.Debug|Any CPU.ActiveCfg = Debug|Any CPU
		{943DC6DE-0B6B-4777-A222-70979EEF7020}.Debug|Any CPU.Build.0 = Debug|Any CPU
		{943DC6DE-0B6B-4777-A222-70979EEF7020}.Release|Any CPU.ActiveCfg = Release|Any CPU
		{943DC6DE-0B6B-4777-A222-70979EEF7020}.Release|Any CPU.Build.0 = Release|Any CPU
		{24077841-96D9-45A2-994F-A6D7D2A3C55F}.Debug|Any CPU.ActiveCfg = Debug|Any CPU
		{24077841-96D9-45A2-994F-A6D7D2A3C55F}.Debug|Any CPU.Build.0 = Debug|Any CPU
		{24077841-96D9-45A2-994F-A6D7D2A3C55F}.Release|Any CPU.ActiveCfg = Release|Any CPU
		{24077841-96D9-45A2-994F-A6D7D2A3C55F}.Release|Any CPU.Build.0 = Release|Any CPU
		{C2D527C9-60E0-47FB-A996-9991BE547E9E}.Debug|Any CPU.ActiveCfg = Debug|Any CPU
		{C2D527C9-60E0-47FB-A996-9991BE547E9E}.Debug|Any CPU.Build.0 = Debug|Any CPU
		{C2D527C9-60E0-47FB-A996-9991BE547E9E}.Release|Any CPU.ActiveCfg = Release|Any CPU
		{C2D527C9-60E0-47FB-A996-9991BE547E9E}.Release|Any CPU.Build.0 = Release|Any CPU
		{D589632A-AEE0-4515-BB46-C05813D87B8B}.Debug|Any CPU.ActiveCfg = Debug|Any CPU
		{D589632A-AEE0-4515-BB46-C05813D87B8B}.Debug|Any CPU.Build.0 = Debug|Any CPU
		{D589632A-AEE0-4515-BB46-C05813D87B8B}.Release|Any CPU.ActiveCfg = Release|Any CPU
		{D589632A-AEE0-4515-BB46-C05813D87B8B}.Release|Any CPU.Build.0 = Release|Any CPU
		{874B132F-65D9-40FF-9FF6-A7C93968AE9C}.Debug|Any CPU.ActiveCfg = Debug|Any CPU
		{874B132F-65D9-40FF-9FF6-A7C93968AE9C}.Debug|Any CPU.Build.0 = Debug|Any CPU
		{874B132F-65D9-40FF-9FF6-A7C93968AE9C}.Release|Any CPU.ActiveCfg = Release|Any CPU
		{874B132F-65D9-40FF-9FF6-A7C93968AE9C}.Release|Any CPU.Build.0 = Release|Any CPU
		{37CA5B96-F9A8-4DC1-BCC4-7E1C56C32ED7}.Debug|Any CPU.ActiveCfg = Debug|Any CPU
		{37CA5B96-F9A8-4DC1-BCC4-7E1C56C32ED7}.Debug|Any CPU.Build.0 = Debug|Any CPU
		{37CA5B96-F9A8-4DC1-BCC4-7E1C56C32ED7}.Release|Any CPU.ActiveCfg = Release|Any CPU
		{37CA5B96-F9A8-4DC1-BCC4-7E1C56C32ED7}.Release|Any CPU.Build.0 = Release|Any CPU
		{8AD78CD3-EDFF-41CA-B116-3CEAC13FC3C3}.Debug|Any CPU.ActiveCfg = Debug|Any CPU
		{8AD78CD3-EDFF-41CA-B116-3CEAC13FC3C3}.Debug|Any CPU.Build.0 = Debug|Any CPU
		{8AD78CD3-EDFF-41CA-B116-3CEAC13FC3C3}.Release|Any CPU.ActiveCfg = Release|Any CPU
		{8AD78CD3-EDFF-41CA-B116-3CEAC13FC3C3}.Release|Any CPU.Build.0 = Release|Any CPU
		{218848E3-1A93-46E3-AC6C-11BD35B999FE}.Debug|Any CPU.ActiveCfg = Debug|Any CPU
		{218848E3-1A93-46E3-AC6C-11BD35B999FE}.Debug|Any CPU.Build.0 = Debug|Any CPU
		{218848E3-1A93-46E3-AC6C-11BD35B999FE}.Release|Any CPU.ActiveCfg = Release|Any CPU
		{218848E3-1A93-46E3-AC6C-11BD35B999FE}.Release|Any CPU.Build.0 = Release|Any CPU
		{104BEC2D-555B-45D4-8EE1-670387E0DFE1}.Debug|Any CPU.ActiveCfg = Debug|Any CPU
		{104BEC2D-555B-45D4-8EE1-670387E0DFE1}.Debug|Any CPU.Build.0 = Debug|Any CPU
		{104BEC2D-555B-45D4-8EE1-670387E0DFE1}.Release|Any CPU.ActiveCfg = Release|Any CPU
		{104BEC2D-555B-45D4-8EE1-670387E0DFE1}.Release|Any CPU.Build.0 = Release|Any CPU
		{93326434-2678-4382-B71E-41E0B45EACEE}.Debug|Any CPU.ActiveCfg = Debug|Any CPU
		{93326434-2678-4382-B71E-41E0B45EACEE}.Debug|Any CPU.Build.0 = Debug|Any CPU
		{93326434-2678-4382-B71E-41E0B45EACEE}.Release|Any CPU.ActiveCfg = Release|Any CPU
		{93326434-2678-4382-B71E-41E0B45EACEE}.Release|Any CPU.Build.0 = Release|Any CPU
		{BB9ACB7F-1740-45B1-AC56-BE7BEAAA3566}.Debug|Any CPU.ActiveCfg = Debug|Any CPU
		{BB9ACB7F-1740-45B1-AC56-BE7BEAAA3566}.Debug|Any CPU.Build.0 = Debug|Any CPU
		{BB9ACB7F-1740-45B1-AC56-BE7BEAAA3566}.Release|Any CPU.ActiveCfg = Release|Any CPU
		{BB9ACB7F-1740-45B1-AC56-BE7BEAAA3566}.Release|Any CPU.Build.0 = Release|Any CPU
		{27849222-ED5E-4752-BB39-89CFCCB8D420}.Debug|Any CPU.ActiveCfg = Debug|Any CPU
		{27849222-ED5E-4752-BB39-89CFCCB8D420}.Debug|Any CPU.Build.0 = Debug|Any CPU
		{27849222-ED5E-4752-BB39-89CFCCB8D420}.Release|Any CPU.ActiveCfg = Release|Any CPU
		{27849222-ED5E-4752-BB39-89CFCCB8D420}.Release|Any CPU.Build.0 = Release|Any CPU
	EndGlobalSection
	GlobalSection(SolutionProperties) = preSolution
		HideSolutionNode = FALSE
	EndGlobalSection
	GlobalSection(ExtensibilityGlobals) = postSolution
		SolutionGuid = {F01E221B-815E-4D5B-B2E7-8B831AC168ED}
	EndGlobalSection
EndGlobal
